
Microsoft Visual Studio Solution File, Format Version 12.00
# Visual Studio Version 17
VisualStudioVersion = 17.11.35327.3
MinimumVisualStudioVersion = 10.0.40219.1
Project("{FAE04EC0-301F-11D3-BF4B-00C04F79EFBC}") = "Mdk.PbScript2", "Mdk.PbScript2\Mdk.PbScript2.csproj", "{8383B160-450D-4CA6-943E-ED985D871DD9}"
EndProject
Global
	GlobalSection(SolutionConfigurationPlatforms) = preSolution
		Debug|x64 = Debug|x64
		Release|x64 = Release|x64
	EndGlobalSection
	GlobalSection(ProjectConfigurationPlatforms) = postSolution
		{8383B160-450D-4CA6-943E-ED985D871DD9}.Debug|x64.ActiveCfg = Debug|x64
		{8383B160-450D-4CA6-943E-ED985D871DD9}.Debug|x64.Build.0 = Debug|x64
		{8383B160-450D-4CA6-943E-ED985D871DD9}.Release|x64.ActiveCfg = Release|x64
		{8383B160-450D-4CA6-943E-ED985D871DD9}.Release|x64.Build.0 = Release|x64
	EndGlobalSection
	GlobalSection(SolutionProperties) = preSolution
		HideSolutionNode = FALSE
	EndGlobalSection
	GlobalSection(ExtensibilityGlobals) = postSolution
		SolutionGuid = {132FFE4C-F31F-4142-8146-67EE2B74B288}
	EndGlobalSection
EndGlobal
